
Microsoft Visual Studio Solution File, Format Version 12.00
# Visual Studio Version 16
VisualStudioVersion = 16.0.29926.136
MinimumVisualStudioVersion = 10.0.40219.1
Project("{9A19103F-16F7-4668-BE54-9A1E7A4F7556}") = "CV19", "CV19\CV19.csproj", "{90D01327-23CB-4004-AEB0-B73A92CBF47E}"
EndProject
Project("{9A19103F-16F7-4668-BE54-9A1E7A4F7556}") = "CV19Console", "CV19Console\CV19Console.csproj", "{3613FF04-9641-497A-8315-CF473931F4ED}"
EndProject
Project("{9A19103F-16F7-4668-BE54-9A1E7A4F7556}") = "CV19WPFTest", "CV19WPFTest\CV19WPFTest.csproj", "{6A951ED5-A2EC-4658-8A5F-B603F5CF0040}"
EndProject
Project("{FAE04EC0-301F-11D3-BF4B-00C04F79EFBC}") = "TestLib", "TestLib\TestLib.csproj", "{2FE0DC60-3F6B-4DAA-942A-D534427C3485}"
EndProject
Global
	GlobalSection(SolutionConfigurationPlatforms) = preSolution
		Debug|Any CPU = Debug|Any CPU
		Release|Any CPU = Release|Any CPU
	EndGlobalSection
	GlobalSection(ProjectConfigurationPlatforms) = postSolution
		{90D01327-23CB-4004-AEB0-B73A92CBF47E}.Debug|Any CPU.ActiveCfg = Debug|Any CPU
		{90D01327-23CB-4004-AEB0-B73A92CBF47E}.Debug|Any CPU.Build.0 = Debug|Any CPU
		{90D01327-23CB-4004-AEB0-B73A92CBF47E}.Release|Any CPU.ActiveCfg = Release|Any CPU
		{90D01327-23CB-4004-AEB0-B73A92CBF47E}.Release|Any CPU.Build.0 = Release|Any CPU
		{3613FF04-9641-497A-8315-CF473931F4ED}.Debug|Any CPU.ActiveCfg = Debug|Any CPU
		{3613FF04-9641-497A-8315-CF473931F4ED}.Debug|Any CPU.Build.0 = Debug|Any CPU
		{3613FF04-9641-497A-8315-CF473931F4ED}.Release|Any CPU.ActiveCfg = Release|Any CPU
		{3613FF04-9641-497A-8315-CF473931F4ED}.Release|Any CPU.Build.0 = Release|Any CPU
		{6A951ED5-A2EC-4658-8A5F-B603F5CF0040}.Debug|Any CPU.ActiveCfg = Debug|Any CPU
		{6A951ED5-A2EC-4658-8A5F-B603F5CF0040}.Debug|Any CPU.Build.0 = Debug|Any CPU
		{6A951ED5-A2EC-4658-8A5F-B603F5CF0040}.Release|Any CPU.ActiveCfg = Release|Any CPU
		{6A951ED5-A2EC-4658-8A5F-B603F5CF0040}.Release|Any CPU.Build.0 = Release|Any CPU
		{2FE0DC60-3F6B-4DAA-942A-D534427C3485}.Debug|Any CPU.ActiveCfg = Debug|Any CPU
		{2FE0DC60-3F6B-4DAA-942A-D534427C3485}.Debug|Any CPU.Build.0 = Debug|Any CPU
		{2FE0DC60-3F6B-4DAA-942A-D534427C3485}.Release|Any CPU.ActiveCfg = Release|Any CPU
		{2FE0DC60-3F6B-4DAA-942A-D534427C3485}.Release|Any CPU.Build.0 = Release|Any CPU
	EndGlobalSection
	GlobalSection(SolutionProperties) = preSolution
		HideSolutionNode = FALSE
	EndGlobalSection
	GlobalSection(ExtensibilityGlobals) = postSolution
		SolutionGuid = {8556FFF5-1D6C-41D5-BE7B-5EB80AECA4DA}
	EndGlobalSection
EndGlobal
